
Microsoft Visual Studio Solution File, Format Version 12.00
# Visual Studio Version 17
VisualStudioVersion = 17.7.34202.233
MinimumVisualStudioVersion = 10.0.40219.1
Project("{FAE04EC0-301F-11D3-BF4B-00C04F79EFBC}") = "projectujra", "projectujra\projectujra.csproj", "{C8BA1527-EB77-4803-BEF9-6AD3FC7A4204}"
EndProject
Global
	GlobalSection(SolutionConfigurationPlatforms) = preSolution
		Debug|Any CPU = Debug|Any CPU
		Release|Any CPU = Release|Any CPU
	EndGlobalSection
	GlobalSection(ProjectConfigurationPlatforms) = postSolution
		{C8BA1527-EB77-4803-BEF9-6AD3FC7A4204}.Debug|Any CPU.ActiveCfg = Debug|Any CPU
		{C8BA1527-EB77-4803-BEF9-6AD3FC7A4204}.Debug|Any CPU.Build.0 = Debug|Any CPU
		{C8BA1527-EB77-4803-BEF9-6AD3FC7A4204}.Release|Any CPU.ActiveCfg = Release|Any CPU
		{C8BA1527-EB77-4803-BEF9-6AD3FC7A4204}.Release|Any CPU.Build.0 = Release|Any CPU
	EndGlobalSection
	GlobalSection(SolutionProperties) = preSolution
		HideSolutionNode = FALSE
	EndGlobalSection
	GlobalSection(ExtensibilityGlobals) = postSolution
		SolutionGuid = {27AC4664-201B-4893-9ACC-35C93CCEB435}
	EndGlobalSection
EndGlobal
